// !$*UTF8*$!
{
	archiveVersion = 1;
	classes = {
	};
	objectVersion = 77;
	objects = {

/* Begin PBXBuildFile section */
		C934285C2D3B70350057F811 /* HomeView.swift in Sources */ = {isa = PBXBuildFile; fileRef = C93428582D3B70350057F811 /* HomeView.swift */; };
		C934285D2D3B70350057F811 /* City.swift in Sources */ = {isa = PBXBuildFile; fileRef = C93428592D3B70350057F811 /* City.swift */; };
		C934285E2D3B70350057F811 /* RainCheckApp.swift in Sources */ = {isa = PBXBuildFile; fileRef = C934285A2D3B70350057F811 /* RainCheckApp.swift */; };
		C934285F2D3B70350057F811 /* Preview Assets.xcassets in Resources */ = {isa = PBXBuildFile; fileRef = C93428552D3B70350057F811 /* Preview Assets.xcassets */; };
		C93428602D3B70350057F811 /* Assets.xcassets in Resources */ = {isa = PBXBuildFile; fileRef = C93428572D3B70350057F811 /* Assets.xcassets */; };
		C93428742D3B741A0057F811 /* Poppins-Italic.ttf in Resources */ = {isa = PBXBuildFile; fileRef = C934286A2D3B741A0057F811 /* Poppins-Italic.ttf */; };
		C93428752D3B741A0057F811 /* Poppins-Light.ttf in Resources */ = {isa = PBXBuildFile; fileRef = C934286B2D3B741A0057F811 /* Poppins-Light.ttf */; };
		C93428762D3B741A0057F811 /* Poppins-SemiBold.ttf in Resources */ = {isa = PBXBuildFile; fileRef = C93428702D3B741A0057F811 /* Poppins-SemiBold.ttf */; };
		C93428772D3B741A0057F811 /* Poppins-Bold.ttf in Resources */ = {isa = PBXBuildFile; fileRef = C93428642D3B741A0057F811 /* Poppins-Bold.ttf */; };
		C93428782D3B741A0057F811 /* Poppins-BoldItalic.ttf in Resources */ = {isa = PBXBuildFile; fileRef = C93428652D3B741A0057F811 /* Poppins-BoldItalic.ttf */; };
		C93428792D3B741A0057F811 /* Poppins-ExtraLightItalic.ttf in Resources */ = {isa = PBXBuildFile; fileRef = C93428692D3B741A0057F811 /* Poppins-ExtraLightItalic.ttf */; };
		C934287A2D3B741A0057F811 /* Poppins-ExtraBold.ttf in Resources */ = {isa = PBXBuildFile; fileRef = C93428662D3B741A0057F811 /* Poppins-ExtraBold.ttf */; };
		C934287B2D3B741A0057F811 /* Poppins-ExtraBoldItalic.ttf in Resources */ = {isa = PBXBuildFile; fileRef = C93428672D3B741A0057F811 /* Poppins-ExtraBoldItalic.ttf */; };
		C934287C2D3B741A0057F811 /* Poppins-LightItalic.ttf in Resources */ = {isa = PBXBuildFile; fileRef = C934286C2D3B741A0057F811 /* Poppins-LightItalic.ttf */; };
		C934287D2D3B741A0057F811 /* Poppins-MediumItalic.ttf in Resources */ = {isa = PBXBuildFile; fileRef = C934286E2D3B741A0057F811 /* Poppins-MediumItalic.ttf */; };
		C934287E2D3B741A0057F811 /* Poppins-Thin.ttf in Resources */ = {isa = PBXBuildFile; fileRef = C93428722D3B741A0057F811 /* Poppins-Thin.ttf */; };
		C934287F2D3B741A0057F811 /* Poppins-ThinItalic.ttf in Resources */ = {isa = PBXBuildFile; fileRef = C93428732D3B741A0057F811 /* Poppins-ThinItalic.ttf */; };
		C93428802D3B741A0057F811 /* Poppins-SemiBoldItalic.ttf in Resources */ = {isa = PBXBuildFile; fileRef = C93428712D3B741A0057F811 /* Poppins-SemiBoldItalic.ttf */; };
		C93428812D3B741A0057F811 /* Poppins-ExtraLight.ttf in Resources */ = {isa = PBXBuildFile; fileRef = C93428682D3B741A0057F811 /* Poppins-ExtraLight.ttf */; };
		C93428822D3B741A0057F811 /* Poppins-Black.ttf in Resources */ = {isa = PBXBuildFile; fileRef = C93428622D3B741A0057F811 /* Poppins-Black.ttf */; };
		C93428832D3B741A0057F811 /* Poppins-Medium.ttf in Resources */ = {isa = PBXBuildFile; fileRef = C934286D2D3B741A0057F811 /* Poppins-Medium.ttf */; };
		C93428842D3B741A0057F811 /* Poppins-Regular.ttf in Resources */ = {isa = PBXBuildFile; fileRef = C934286F2D3B741A0057F811 /* Poppins-Regular.ttf */; };
		C93428852D3B741A0057F811 /* Poppins-BlackItalic.ttf in Resources */ = {isa = PBXBuildFile; fileRef = C93428632D3B741A0057F811 /* Poppins-BlackItalic.ttf */; };
		C93428882D3B79080057F811 /* SearchResultListItemView.swift in Sources */ = {isa = PBXBuildFile; fileRef = C93428872D3B79080057F811 /* SearchResultListItemView.swift */; };
		C934288C2D3B7CB70057F811 /* CityView.swift in Sources */ = {isa = PBXBuildFile; fileRef = C934288B2D3B7CB70057F811 /* CityView.swift */; };
		C934288E2D3B84A50057F811 /* RoundedAppIcon.png in Resources */ = {isa = PBXBuildFile; fileRef = C934288D2D3B84A50057F811 /* RoundedAppIcon.png */; };
		C93428902D3B84B90057F811 /* LaunchScreen.storyboard in Resources */ = {isa = PBXBuildFile; fileRef = C934288F2D3B84B90057F811 /* LaunchScreen.storyboard */; };
/* End PBXBuildFile section */

/* Begin PBXContainerItemProxy section */
		C93428392D3B70220057F811 /* PBXContainerItemProxy */ = {
			isa = PBXContainerItemProxy;
			containerPortal = C934281E2D3B70200057F811 /* Project object */;
			proxyType = 1;
			remoteGlobalIDString = C93428252D3B70200057F811;
			remoteInfo = RainCheck;
		};
		C93428432D3B70220057F811 /* PBXContainerItemProxy */ = {
			isa = PBXContainerItemProxy;
			containerPortal = C934281E2D3B70200057F811 /* Project object */;
			proxyType = 1;
			remoteGlobalIDString = C93428252D3B70200057F811;
			remoteInfo = RainCheck;
		};
/* End PBXContainerItemProxy section */

/* Begin PBXFileReference section */
		C93428262D3B70200057F811 /* RainCheck.app */ = {isa = PBXFileReference; explicitFileType = wrapper.application; includeInIndex = 0; path = RainCheck.app; sourceTree = BUILT_PRODUCTS_DIR; };
		C93428382D3B70220057F811 /* RainCheckTests.xctest */ = {isa = PBXFileReference; explicitFileType = wrapper.cfbundle; includeInIndex = 0; path = RainCheckTests.xctest; sourceTree = BUILT_PRODUCTS_DIR; };
		C93428422D3B70220057F811 /* RainCheckUITests.xctest */ = {isa = PBXFileReference; explicitFileType = wrapper.cfbundle; includeInIndex = 0; path = RainCheckUITests.xctest; sourceTree = BUILT_PRODUCTS_DIR; };
		C93428552D3B70350057F811 /* Preview Assets.xcassets */ = {isa = PBXFileReference; lastKnownFileType = folder.assetcatalog; path = "Preview Assets.xcassets"; sourceTree = "<group>"; };
		C93428572D3B70350057F811 /* Assets.xcassets */ = {isa = PBXFileReference; lastKnownFileType = folder.assetcatalog; path = Assets.xcassets; sourceTree = "<group>"; };
		C93428582D3B70350057F811 /* HomeView.swift */ = {isa = PBXFileReference; lastKnownFileType = sourcecode.swift; path = HomeView.swift; sourceTree = "<group>"; };
		C93428592D3B70350057F811 /* City.swift */ = {isa = PBXFileReference; lastKnownFileType = sourcecode.swift; path = City.swift; sourceTree = "<group>"; };
		C934285A2D3B70350057F811 /* RainCheckApp.swift */ = {isa = PBXFileReference; lastKnownFileType = sourcecode.swift; path = RainCheckApp.swift; sourceTree = "<group>"; };
		C93428622D3B741A0057F811 /* Poppins-Black.ttf */ = {isa = PBXFileReference; lastKnownFileType = file; path = "Poppins-Black.ttf"; sourceTree = "<group>"; };
		C93428632D3B741A0057F811 /* Poppins-BlackItalic.ttf */ = {isa = PBXFileReference; lastKnownFileType = file; path = "Poppins-BlackItalic.ttf"; sourceTree = "<group>"; };
		C93428642D3B741A0057F811 /* Poppins-Bold.ttf */ = {isa = PBXFileReference; lastKnownFileType = file; path = "Poppins-Bold.ttf"; sourceTree = "<group>"; };
		C93428652D3B741A0057F811 /* Poppins-BoldItalic.ttf */ = {isa = PBXFileReference; lastKnownFileType = file; path = "Poppins-BoldItalic.ttf"; sourceTree = "<group>"; };
		C93428662D3B741A0057F811 /* Poppins-ExtraBold.ttf */ = {isa = PBXFileReference; lastKnownFileType = file; path = "Poppins-ExtraBold.ttf"; sourceTree = "<group>"; };
		C93428672D3B741A0057F811 /* Poppins-ExtraBoldItalic.ttf */ = {isa = PBXFileReference; lastKnownFileType = file; path = "Poppins-ExtraBoldItalic.ttf"; sourceTree = "<group>"; };
		C93428682D3B741A0057F811 /* Poppins-ExtraLight.ttf */ = {isa = PBXFileReference; lastKnownFileType = file; path = "Poppins-ExtraLight.ttf"; sourceTree = "<group>"; };
		C93428692D3B741A0057F811 /* Poppins-ExtraLightItalic.ttf */ = {isa = PBXFileReference; lastKnownFileType = file; path = "Poppins-ExtraLightItalic.ttf"; sourceTree = "<group>"; };
		C934286A2D3B741A0057F811 /* Poppins-Italic.ttf */ = {isa = PBXFileReference; lastKnownFileType = file; path = "Poppins-Italic.ttf"; sourceTree = "<group>"; };
		C934286B2D3B741A0057F811 /* Poppins-Light.ttf */ = {isa = PBXFileReference; lastKnownFileType = file; path = "Poppins-Light.ttf"; sourceTree = "<group>"; };
		C934286C2D3B741A0057F811 /* Poppins-LightItalic.ttf */ = {isa = PBXFileReference; lastKnownFileType = file; path = "Poppins-LightItalic.ttf"; sourceTree = "<group>"; };
		C934286D2D3B741A0057F811 /* Poppins-Medium.ttf */ = {isa = PBXFileReference; lastKnownFileType = file; path = "Poppins-Medium.ttf"; sourceTree = "<group>"; };
		C934286E2D3B741A0057F811 /* Poppins-MediumItalic.ttf */ = {isa = PBXFileReference; lastKnownFileType = file; path = "Poppins-MediumItalic.ttf"; sourceTree = "<group>"; };
		C934286F2D3B741A0057F811 /* Poppins-Regular.ttf */ = {isa = PBXFileReference; lastKnownFileType = file; path = "Poppins-Regular.ttf"; sourceTree = "<group>"; };
		C93428702D3B741A0057F811 /* Poppins-SemiBold.ttf */ = {isa = PBXFileReference; lastKnownFileType = file; path = "Poppins-SemiBold.ttf"; sourceTree = "<group>"; };
		C93428712D3B741A0057F811 /* Poppins-SemiBoldItalic.ttf */ = {isa = PBXFileReference; lastKnownFileType = file; path = "Poppins-SemiBoldItalic.ttf"; sourceTree = "<group>"; };
		C93428722D3B741A0057F811 /* Poppins-Thin.ttf */ = {isa = PBXFileReference; lastKnownFileType = file; path = "Poppins-Thin.ttf"; sourceTree = "<group>"; };
		C93428732D3B741A0057F811 /* Poppins-ThinItalic.ttf */ = {isa = PBXFileReference; lastKnownFileType = file; path = "Poppins-ThinItalic.ttf"; sourceTree = "<group>"; };
		C93428862D3B76AD0057F811 /* Info.plist */ = {isa = PBXFileReference; lastKnownFileType = text.plist.xml; path = Info.plist; sourceTree = "<group>"; };
		C93428872D3B79080057F811 /* SearchResultListItemView.swift */ = {isa = PBXFileReference; lastKnownFileType = sourcecode.swift; path = SearchResultListItemView.swift; sourceTree = "<group>"; };
		C934288B2D3B7CB70057F811 /* CityView.swift */ = {isa = PBXFileReference; lastKnownFileType = sourcecode.swift; path = CityView.swift; sourceTree = "<group>"; };
		C934288D2D3B84A50057F811 /* RoundedAppIcon.png */ = {isa = PBXFileReference; lastKnownFileType = image.png; path = RoundedAppIcon.png; sourceTree = "<group>"; };
		C934288F2D3B84B90057F811 /* LaunchScreen.storyboard */ = {isa = PBXFileReference; lastKnownFileType = file.storyboard; path = LaunchScreen.storyboard; sourceTree = "<group>"; };
/* End PBXFileReference section */

/* Begin PBXFileSystemSynchronizedRootGroup section */
		C934283B2D3B70220057F811 /* RainCheckTests */ = {
			isa = PBXFileSystemSynchronizedRootGroup;
			path = RainCheckTests;
			sourceTree = "<group>";
		};
		C93428452D3B70220057F811 /* RainCheckUITests */ = {
			isa = PBXFileSystemSynchronizedRootGroup;
			path = RainCheckUITests;
			sourceTree = "<group>";
		};
/* End PBXFileSystemSynchronizedRootGroup section */

/* Begin PBXFrameworksBuildPhase section */
		C93428232D3B70200057F811 /* Frameworks */ = {
			isa = PBXFrameworksBuildPhase;
			buildActionMask = 2147483647;
			files = (
			);
			runOnlyForDeploymentPostprocessing = 0;
		};
		C93428352D3B70220057F811 /* Frameworks */ = {
			isa = PBXFrameworksBuildPhase;
			buildActionMask = 2147483647;
			files = (
			);
			runOnlyForDeploymentPostprocessing = 0;
		};
		C934283F2D3B70220057F811 /* Frameworks */ = {
			isa = PBXFrameworksBuildPhase;
			buildActionMask = 2147483647;
			files = (
			);
			runOnlyForDeploymentPostprocessing = 0;
		};
/* End PBXFrameworksBuildPhase section */

/* Begin PBXGroup section */
		C934281D2D3B70200057F811 = {
			isa = PBXGroup;
			children = (
				C934285B2D3B70350057F811 /* RainCheck */,
				C934283B2D3B70220057F811 /* RainCheckTests */,
				C93428452D3B70220057F811 /* RainCheckUITests */,
				C93428272D3B70200057F811 /* Products */,
			);
			sourceTree = "<group>";
		};
		C93428272D3B70200057F811 /* Products */ = {
			isa = PBXGroup;
			children = (
				C93428262D3B70200057F811 /* RainCheck.app */,
				C93428382D3B70220057F811 /* RainCheckTests.xctest */,
				C93428422D3B70220057F811 /* RainCheckUITests.xctest */,
			);
			name = Products;
			sourceTree = "<group>";
		};
		C93428562D3B70350057F811 /* Preview Content */ = {
			isa = PBXGroup;
			children = (
				C93428552D3B70350057F811 /* Preview Assets.xcassets */,
			);
			path = "Preview Content";
			sourceTree = "<group>";
		};
		C934285B2D3B70350057F811 /* RainCheck */ = {
			isa = PBXGroup;
			children = (
				C934285A2D3B70350057F811 /* RainCheckApp.swift */,
				C93428582D3B70350057F811 /* HomeView.swift */,
				C934288B2D3B7CB70057F811 /* CityView.swift */,
				C93428872D3B79080057F811 /* SearchResultListItemView.swift */,
				C93428592D3B70350057F811 /* City.swift */,
				C93428572D3B70350057F811 /* Assets.xcassets */,
				C934288F2D3B84B90057F811 /* LaunchScreen.storyboard */,
				C93428862D3B76AD0057F811 /* Info.plist */,
				C934288D2D3B84A50057F811 /* RoundedAppIcon.png */,
				C93428612D3B740E0057F811 /* Fonts */,
				C93428562D3B70350057F811 /* Preview Content */,
			);
			path = RainCheck;
			sourceTree = "<group>";
		};
		C93428612D3B740E0057F811 /* Fonts */ = {
			isa = PBXGroup;
			children = (
				C93428622D3B741A0057F811 /* Poppins-Black.ttf */,
				C93428632D3B741A0057F811 /* Poppins-BlackItalic.ttf */,
				C93428642D3B741A0057F811 /* Poppins-Bold.ttf */,
				C93428652D3B741A0057F811 /* Poppins-BoldItalic.ttf */,
				C93428662D3B741A0057F811 /* Poppins-ExtraBold.ttf */,
				C93428672D3B741A0057F811 /* Poppins-ExtraBoldItalic.ttf */,
				C93428682D3B741A0057F811 /* Poppins-ExtraLight.ttf */,
				C93428692D3B741A0057F811 /* Poppins-ExtraLightItalic.ttf */,
				C934286A2D3B741A0057F811 /* Poppins-Italic.ttf */,
				C934286B2D3B741A0057F811 /* Poppins-Light.ttf */,
				C934286C2D3B741A0057F811 /* Poppins-LightItalic.ttf */,
				C934286D2D3B741A0057F811 /* Poppins-Medium.ttf */,
				C934286E2D3B741A0057F811 /* Poppins-MediumItalic.ttf */,
				C934286F2D3B741A0057F811 /* Poppins-Regular.ttf */,
				C93428702D3B741A0057F811 /* Poppins-SemiBold.ttf */,
				C93428712D3B741A0057F811 /* Poppins-SemiBoldItalic.ttf */,
				C93428722D3B741A0057F811 /* Poppins-Thin.ttf */,
				C93428732D3B741A0057F811 /* Poppins-ThinItalic.ttf */,
			);
			path = Fonts;
			sourceTree = "<group>";
		};
/* End PBXGroup section */

/* Begin PBXNativeTarget section */
		C93428252D3B70200057F811 /* RainCheck */ = {
			isa = PBXNativeTarget;
			buildConfigurationList = C934284C2D3B70220057F811 /* Build configuration list for PBXNativeTarget "RainCheck" */;
			buildPhases = (
				C93428222D3B70200057F811 /* Sources */,
				C93428232D3B70200057F811 /* Frameworks */,
				C93428242D3B70200057F811 /* Resources */,
			);
			buildRules = (
			);
			dependencies = (
			);
			name = RainCheck;
			packageProductDependencies = (
			);
			productName = RainCheck;
			productReference = C93428262D3B70200057F811 /* RainCheck.app */;
			productType = "com.apple.product-type.application";
		};
		C93428372D3B70220057F811 /* RainCheckTests */ = {
			isa = PBXNativeTarget;
			buildConfigurationList = C934284F2D3B70220057F811 /* Build configuration list for PBXNativeTarget "RainCheckTests" */;
			buildPhases = (
				C93428342D3B70220057F811 /* Sources */,
				C93428352D3B70220057F811 /* Frameworks */,
				C93428362D3B70220057F811 /* Resources */,
			);
			buildRules = (
			);
			dependencies = (
				C934283A2D3B70220057F811 /* PBXTargetDependency */,
			);
			fileSystemSynchronizedGroups = (
				C934283B2D3B70220057F811 /* RainCheckTests */,
			);
			name = RainCheckTests;
			packageProductDependencies = (
			);
			productName = RainCheckTests;
			productReference = C93428382D3B70220057F811 /* RainCheckTests.xctest */;
			productType = "com.apple.product-type.bundle.unit-test";
		};
		C93428412D3B70220057F811 /* RainCheckUITests */ = {
			isa = PBXNativeTarget;
			buildConfigurationList = C93428522D3B70220057F811 /* Build configuration list for PBXNativeTarget "RainCheckUITests" */;
			buildPhases = (
				C934283E2D3B70220057F811 /* Sources */,
				C934283F2D3B70220057F811 /* Frameworks */,
				C93428402D3B70220057F811 /* Resources */,
			);
			buildRules = (
			);
			dependencies = (
				C93428442D3B70220057F811 /* PBXTargetDependency */,
			);
			fileSystemSynchronizedGroups = (
				C93428452D3B70220057F811 /* RainCheckUITests */,
			);
			name = RainCheckUITests;
			packageProductDependencies = (
			);
			productName = RainCheckUITests;
			productReference = C93428422D3B70220057F811 /* RainCheckUITests.xctest */;
			productType = "com.apple.product-type.bundle.ui-testing";
		};
/* End PBXNativeTarget section */

/* Begin PBXProject section */
		C934281E2D3B70200057F811 /* Project object */ = {
			isa = PBXProject;
			attributes = {
				BuildIndependentTargetsInParallel = 1;
				LastSwiftUpdateCheck = 1620;
				LastUpgradeCheck = 1620;
				TargetAttributes = {
					C93428252D3B70200057F811 = {
						CreatedOnToolsVersion = 16.2;
					};
					C93428372D3B70220057F811 = {
						CreatedOnToolsVersion = 16.2;
						TestTargetID = C93428252D3B70200057F811;
					};
					C93428412D3B70220057F811 = {
						CreatedOnToolsVersion = 16.2;
						TestTargetID = C93428252D3B70200057F811;
					};
				};
			};
			buildConfigurationList = C93428212D3B70200057F811 /* Build configuration list for PBXProject "RainCheck" */;
			developmentRegion = en;
			hasScannedForEncodings = 0;
			knownRegions = (
				en,
				Base,
			);
			mainGroup = C934281D2D3B70200057F811;
			minimizedProjectReferenceProxies = 1;
			preferredProjectObjectVersion = 77;
			productRefGroup = C93428272D3B70200057F811 /* Products */;
			projectDirPath = "";
			projectRoot = "";
			targets = (
				C93428252D3B70200057F811 /* RainCheck */,
				C93428372D3B70220057F811 /* RainCheckTests */,
				C93428412D3B70220057F811 /* RainCheckUITests */,
			);
		};
/* End PBXProject section */

/* Begin PBXResourcesBuildPhase section */
		C93428242D3B70200057F811 /* Resources */ = {
			isa = PBXResourcesBuildPhase;
			buildActionMask = 2147483647;
			files = (
				C93428742D3B741A0057F811 /* Poppins-Italic.ttf in Resources */,
				C93428752D3B741A0057F811 /* Poppins-Light.ttf in Resources */,
				C93428762D3B741A0057F811 /* Poppins-SemiBold.ttf in Resources */,
				C93428772D3B741A0057F811 /* Poppins-Bold.ttf in Resources */,
				C93428782D3B741A0057F811 /* Poppins-BoldItalic.ttf in Resources */,
				C934288E2D3B84A50057F811 /* RoundedAppIcon.png in Resources */,
				C93428792D3B741A0057F811 /* Poppins-ExtraLightItalic.ttf in Resources */,
				C934287A2D3B741A0057F811 /* Poppins-ExtraBold.ttf in Resources */,
				C934287B2D3B741A0057F811 /* Poppins-ExtraBoldItalic.ttf in Resources */,
				C93428902D3B84B90057F811 /* LaunchScreen.storyboard in Resources */,
				C934287C2D3B741A0057F811 /* Poppins-LightItalic.ttf in Resources */,
				C934287D2D3B741A0057F811 /* Poppins-MediumItalic.ttf in Resources */,
				C934287E2D3B741A0057F811 /* Poppins-Thin.ttf in Resources */,
				C934287F2D3B741A0057F811 /* Poppins-ThinItalic.ttf in Resources */,
				C93428802D3B741A0057F811 /* Poppins-SemiBoldItalic.ttf in Resources */,
				C93428812D3B741A0057F811 /* Poppins-ExtraLight.ttf in Resources */,
				C93428822D3B741A0057F811 /* Poppins-Black.ttf in Resources */,
				C93428832D3B741A0057F811 /* Poppins-Medium.ttf in Resources */,
				C93428842D3B741A0057F811 /* Poppins-Regular.ttf in Resources */,
				C93428852D3B741A0057F811 /* Poppins-BlackItalic.ttf in Resources */,
				C934285F2D3B70350057F811 /* Preview Assets.xcassets in Resources */,
				C93428602D3B70350057F811 /* Assets.xcassets in Resources */,
			);
			runOnlyForDeploymentPostprocessing = 0;
		};
		C93428362D3B70220057F811 /* Resources */ = {
			isa = PBXResourcesBuildPhase;
			buildActionMask = 2147483647;
			files = (
			);
			runOnlyForDeploymentPostprocessing = 0;
		};
		C93428402D3B70220057F811 /* Resources */ = {
			isa = PBXResourcesBuildPhase;
			buildActionMask = 2147483647;
			files = (
			);
			runOnlyForDeploymentPostprocessing = 0;
		};
/* End PBXResourcesBuildPhase section */

/* Begin PBXSourcesBuildPhase section */
		C93428222D3B70200057F811 /* Sources */ = {
			isa = PBXSourcesBuildPhase;
			buildActionMask = 2147483647;
			files = (
				C93428882D3B79080057F811 /* SearchResultListItemView.swift in Sources */,
				C934288C2D3B7CB70057F811 /* CityView.swift in Sources */,
				C934285C2D3B70350057F811 /* HomeView.swift in Sources */,
				C934285D2D3B70350057F811 /* City.swift in Sources */,
				C934285E2D3B70350057F811 /* RainCheckApp.swift in Sources */,
			);
			runOnlyForDeploymentPostprocessing = 0;
		};
		C93428342D3B70220057F811 /* Sources */ = {
			isa = PBXSourcesBuildPhase;
			buildActionMask = 2147483647;
			files = (
			);
			runOnlyForDeploymentPostprocessing = 0;
		};
		C934283E2D3B70220057F811 /* Sources */ = {
			isa = PBXSourcesBuildPhase;
			buildActionMask = 2147483647;
			files = (
			);
			runOnlyForDeploymentPostprocessing = 0;
		};
/* End PBXSourcesBuildPhase section */

/* Begin PBXTargetDependency section */
		C934283A2D3B70220057F811 /* PBXTargetDependency */ = {
			isa = PBXTargetDependency;
			target = C93428252D3B70200057F811 /* RainCheck */;
			targetProxy = C93428392D3B70220057F811 /* PBXContainerItemProxy */;
		};
		C93428442D3B70220057F811 /* PBXTargetDependency */ = {
			isa = PBXTargetDependency;
			target = C93428252D3B70200057F811 /* RainCheck */;
			targetProxy = C93428432D3B70220057F811 /* PBXContainerItemProxy */;
		};
/* End PBXTargetDependency section */

/* Begin XCBuildConfiguration section */
		C934284A2D3B70220057F811 /* Debug */ = {
			isa = XCBuildConfiguration;
			buildSettings = {
				ALWAYS_SEARCH_USER_PATHS = NO;
				ASSETCATALOG_COMPILER_GENERATE_SWIFT_ASSET_SYMBOL_EXTENSIONS = YES;
				CLANG_ANALYZER_NONNULL = YES;
				CLANG_ANALYZER_NUMBER_OBJECT_CONVERSION = YES_AGGRESSIVE;
				CLANG_CXX_LANGUAGE_STANDARD = "gnu++20";
				CLANG_ENABLE_MODULES = YES;
				CLANG_ENABLE_OBJC_ARC = YES;
				CLANG_ENABLE_OBJC_WEAK = YES;
				CLANG_WARN_BLOCK_CAPTURE_AUTORELEASING = YES;
				CLANG_WARN_BOOL_CONVERSION = YES;
				CLANG_WARN_COMMA = YES;
				CLANG_WARN_CONSTANT_CONVERSION = YES;
				CLANG_WARN_DEPRECATED_OBJC_IMPLEMENTATIONS = YES;
				CLANG_WARN_DIRECT_OBJC_ISA_USAGE = YES_ERROR;
				CLANG_WARN_DOCUMENTATION_COMMENTS = YES;
				CLANG_WARN_EMPTY_BODY = YES;
				CLANG_WARN_ENUM_CONVERSION = YES;
				CLANG_WARN_INFINITE_RECURSION = YES;
				CLANG_WARN_INT_CONVERSION = YES;
				CLANG_WARN_NON_LITERAL_NULL_CONVERSION = YES;
				CLANG_WARN_OBJC_IMPLICIT_RETAIN_SELF = YES;
				CLANG_WARN_OBJC_LITERAL_CONVERSION = YES;
				CLANG_WARN_OBJC_ROOT_CLASS = YES_ERROR;
				CLANG_WARN_QUOTED_INCLUDE_IN_FRAMEWORK_HEADER = YES;
				CLANG_WARN_RANGE_LOOP_ANALYSIS = YES;
				CLANG_WARN_STRICT_PROTOTYPES = YES;
				CLANG_WARN_SUSPICIOUS_MOVE = YES;
				CLANG_WARN_UNGUARDED_AVAILABILITY = YES_AGGRESSIVE;
				CLANG_WARN_UNREACHABLE_CODE = YES;
				CLANG_WARN__DUPLICATE_METHOD_MATCH = YES;
				COPY_PHASE_STRIP = NO;
				DEBUG_INFORMATION_FORMAT = dwarf;
				ENABLE_STRICT_OBJC_MSGSEND = YES;
				ENABLE_TESTABILITY = YES;
				ENABLE_USER_SCRIPT_SANDBOXING = YES;
				GCC_C_LANGUAGE_STANDARD = gnu17;
				GCC_DYNAMIC_NO_PIC = NO;
				GCC_NO_COMMON_BLOCKS = YES;
				GCC_OPTIMIZATION_LEVEL = 0;
				GCC_PREPROCESSOR_DEFINITIONS = (
					"DEBUG=1",
					"$(inherited)",
				);
				GCC_WARN_64_TO_32_BIT_CONVERSION = YES;
				GCC_WARN_ABOUT_RETURN_TYPE = YES_ERROR;
				GCC_WARN_UNDECLARED_SELECTOR = YES;
				GCC_WARN_UNINITIALIZED_AUTOS = YES_AGGRESSIVE;
				GCC_WARN_UNUSED_FUNCTION = YES;
				GCC_WARN_UNUSED_VARIABLE = YES;
				IPHONEOS_DEPLOYMENT_TARGET = 18.2;
				LOCALIZATION_PREFERS_STRING_CATALOGS = YES;
				MTL_ENABLE_DEBUG_INFO = INCLUDE_SOURCE;
				MTL_FAST_MATH = YES;
				ONLY_ACTIVE_ARCH = YES;
				SDKROOT = iphoneos;
				SWIFT_ACTIVE_COMPILATION_CONDITIONS = "DEBUG $(inherited)";
				SWIFT_OPTIMIZATION_LEVEL = "-Onone";
			};
			name = Debug;
		};
		C934284B2D3B70220057F811 /* Release */ = {
			isa = XCBuildConfiguration;
			buildSettings = {
				ALWAYS_SEARCH_USER_PATHS = NO;
				ASSETCATALOG_COMPILER_GENERATE_SWIFT_ASSET_SYMBOL_EXTENSIONS = YES;
				CLANG_ANALYZER_NONNULL = YES;
				CLANG_ANALYZER_NUMBER_OBJECT_CONVERSION = YES_AGGRESSIVE;
				CLANG_CXX_LANGUAGE_STANDARD = "gnu++20";
				CLANG_ENABLE_MODULES = YES;
				CLANG_ENABLE_OBJC_ARC = YES;
				CLANG_ENABLE_OBJC_WEAK = YES;
				CLANG_WARN_BLOCK_CAPTURE_AUTORELEASING = YES;
				CLANG_WARN_BOOL_CONVERSION = YES;
				CLANG_WARN_COMMA = YES;
				CLANG_WARN_CONSTANT_CONVERSION = YES;
				CLANG_WARN_DEPRECATED_OBJC_IMPLEMENTATIONS = YES;
				CLANG_WARN_DIRECT_OBJC_ISA_USAGE = YES_ERROR;
				CLANG_WARN_DOCUMENTATION_COMMENTS = YES;
				CLANG_WARN_EMPTY_BODY = YES;
				CLANG_WARN_ENUM_CONVERSION = YES;
				CLANG_WARN_INFINITE_RECURSION = YES;
				CLANG_WARN_INT_CONVERSION = YES;
				CLANG_WARN_NON_LITERAL_NULL_CONVERSION = YES;
				CLANG_WARN_OBJC_IMPLICIT_RETAIN_SELF = YES;
				CLANG_WARN_OBJC_LITERAL_CONVERSION = YES;
				CLANG_WARN_OBJC_ROOT_CLASS = YES_ERROR;
				CLANG_WARN_QUOTED_INCLUDE_IN_FRAMEWORK_HEADER = YES;
				CLANG_WARN_RANGE_LOOP_ANALYSIS = YES;
				CLANG_WARN_STRICT_PROTOTYPES = YES;
				CLANG_WARN_SUSPICIOUS_MOVE = YES;
				CLANG_WARN_UNGUARDED_AVAILABILITY = YES_AGGRESSIVE;
				CLANG_WARN_UNREACHABLE_CODE = YES;
				CLANG_WARN__DUPLICATE_METHOD_MATCH = YES;
				COPY_PHASE_STRIP = NO;
				DEBUG_INFORMATION_FORMAT = "dwarf-with-dsym";
				ENABLE_NS_ASSERTIONS = NO;
				ENABLE_STRICT_OBJC_MSGSEND = YES;
				ENABLE_USER_SCRIPT_SANDBOXING = YES;
				GCC_C_LANGUAGE_STANDARD = gnu17;
				GCC_NO_COMMON_BLOCKS = YES;
				GCC_WARN_64_TO_32_BIT_CONVERSION = YES;
				GCC_WARN_ABOUT_RETURN_TYPE = YES_ERROR;
				GCC_WARN_UNDECLARED_SELECTOR = YES;
				GCC_WARN_UNINITIALIZED_AUTOS = YES_AGGRESSIVE;
				GCC_WARN_UNUSED_FUNCTION = YES;
				GCC_WARN_UNUSED_VARIABLE = YES;
				IPHONEOS_DEPLOYMENT_TARGET = 18.2;
				LOCALIZATION_PREFERS_STRING_CATALOGS = YES;
				MTL_ENABLE_DEBUG_INFO = NO;
				MTL_FAST_MATH = YES;
				SDKROOT = iphoneos;
				SWIFT_COMPILATION_MODE = wholemodule;
				VALIDATE_PRODUCT = YES;
			};
			name = Release;
		};
		C934284D2D3B70220057F811 /* Debug */ = {
			isa = XCBuildConfiguration;
			buildSettings = {
				ASSETCATALOG_COMPILER_APPICON_NAME = AppIcon;
				ASSETCATALOG_COMPILER_GLOBAL_ACCENT_COLOR_NAME = AccentColor;
				CODE_SIGN_STYLE = Automatic;
				CURRENT_PROJECT_VERSION = 1;
				DEVELOPMENT_ASSET_PATHS = "\"RainCheck/Preview Content\"";
				DEVELOPMENT_TEAM = 5BE9AG9X7E;
				ENABLE_PREVIEWS = YES;
				GENERATE_INFOPLIST_FILE = YES;
				INFOPLIST_FILE = RainCheck/Info.plist;
				INFOPLIST_KEY_UIApplicationSceneManifest_Generation = YES;
				INFOPLIST_KEY_UIApplicationSupportsIndirectInputEvents = YES;
				INFOPLIST_KEY_UILaunchScreen_Generation = YES;
				INFOPLIST_KEY_UILaunchStoryboardName = LaunchScreen;
				INFOPLIST_KEY_UIRequiresFullScreen = YES;
				INFOPLIST_KEY_UISupportedInterfaceOrientations = "UIInterfaceOrientationPortrait UIInterfaceOrientationPortraitUpsideDown";
				LD_RUNPATH_SEARCH_PATHS = (
					"$(inherited)",
					"@executable_path/Frameworks",
				);
				MARKETING_VERSION = 1.0;
				PRODUCT_BUNDLE_IDENTIFIER = com.matthew.RainCheck;
				PRODUCT_NAME = "$(TARGET_NAME)";
				SWIFT_EMIT_LOC_STRINGS = YES;
				SWIFT_VERSION = 5.0;
				TARGETED_DEVICE_FAMILY = "1,2";
			};
			name = Debug;
		};
		C934284E2D3B70220057F811 /* Release */ = {
			isa = XCBuildConfiguration;
			buildSettings = {
				ASSETCATALOG_COMPILER_APPICON_NAME = AppIcon;
				ASSETCATALOG_COMPILER_GLOBAL_ACCENT_COLOR_NAME = AccentColor;
				CODE_SIGN_STYLE = Automatic;
				CURRENT_PROJECT_VERSION = 1;
				DEVELOPMENT_ASSET_PATHS = "\"RainCheck/Preview Content\"";
				DEVELOPMENT_TEAM = 5BE9AG9X7E;
				ENABLE_PREVIEWS = YES;
				GENERATE_INFOPLIST_FILE = YES;
				INFOPLIST_FILE = RainCheck/Info.plist;
				INFOPLIST_KEY_UIApplicationSceneManifest_Generation = YES;
				INFOPLIST_KEY_UIApplicationSupportsIndirectInputEvents = YES;
				INFOPLIST_KEY_UILaunchScreen_Generation = YES;
				INFOPLIST_KEY_UILaunchStoryboardName = LaunchScreen;
				INFOPLIST_KEY_UIRequiresFullScreen = YES;
				INFOPLIST_KEY_UISupportedInterfaceOrientations = "UIInterfaceOrientationPortrait UIInterfaceOrientationPortraitUpsideDown";
				LD_RUNPATH_SEARCH_PATHS = (
					"$(inherited)",
					"@executable_path/Frameworks",
				);
				MARKETING_VERSION = 1.0;
				PRODUCT_BUNDLE_IDENTIFIER = com.matthew.RainCheck;
				PRODUCT_NAME = "$(TARGET_NAME)";
				SWIFT_EMIT_LOC_STRINGS = YES;
				SWIFT_VERSION = 5.0;
				TARGETED_DEVICE_FAMILY = "1,2";
			};
			name = Release;
		};
		C93428502D3B70220057F811 /* Debug */ = {
			isa = XCBuildConfiguration;
			buildSettings = {
				BUNDLE_LOADER = "$(TEST_HOST)";
				CODE_SIGN_STYLE = Automatic;
				CURRENT_PROJECT_VERSION = 1;
				DEVELOPMENT_TEAM = 5BE9AG9X7E;
				GENERATE_INFOPLIST_FILE = YES;
				IPHONEOS_DEPLOYMENT_TARGET = 18.2;
				MARKETING_VERSION = 1.0;
				PRODUCT_BUNDLE_IDENTIFIER = com.matthew.RainCheckTests;
				PRODUCT_NAME = "$(TARGET_NAME)";
				SWIFT_EMIT_LOC_STRINGS = NO;
				SWIFT_VERSION = 5.0;
				TARGETED_DEVICE_FAMILY = "1,2";
				TEST_HOST = "$(BUILT_PRODUCTS_DIR)/RainCheck.app/$(BUNDLE_EXECUTABLE_FOLDER_PATH)/RainCheck";
			};
			name = Debug;
		};
		C93428512D3B70220057F811 /* Release */ = {
			isa = XCBuildConfiguration;
			buildSettings = {
				BUNDLE_LOADER = "$(TEST_HOST)";
				CODE_SIGN_STYLE = Automatic;
				CURRENT_PROJECT_VERSION = 1;
				DEVELOPMENT_TEAM = 5BE9AG9X7E;
				GENERATE_INFOPLIST_FILE = YES;
				IPHONEOS_DEPLOYMENT_TARGET = 18.2;
				MARKETING_VERSION = 1.0;
				PRODUCT_BUNDLE_IDENTIFIER = com.matthew.RainCheckTests;
				PRODUCT_NAME = "$(TARGET_NAME)";
				SWIFT_EMIT_LOC_STRINGS = NO;
				SWIFT_VERSION = 5.0;
				TARGETED_DEVICE_FAMILY = "1,2";
				TEST_HOST = "$(BUILT_PRODUCTS_DIR)/RainCheck.app/$(BUNDLE_EXECUTABLE_FOLDER_PATH)/RainCheck";
			};
			name = Release;
		};
		C93428532D3B70220057F811 /* Debug */ = {
			isa = XCBuildConfiguration;
			buildSettings = {
				CODE_SIGN_STYLE = Automatic;
				CURRENT_PROJECT_VERSION = 1;
				DEVELOPMENT_TEAM = 5BE9AG9X7E;
				GENERATE_INFOPLIST_FILE = YES;
				MARKETING_VERSION = 1.0;
				PRODUCT_BUNDLE_IDENTIFIER = com.matthew.RainCheckUITests;
				PRODUCT_NAME = "$(TARGET_NAME)";
				SWIFT_EMIT_LOC_STRINGS = NO;
				SWIFT_VERSION = 5.0;
				TARGETED_DEVICE_FAMILY = "1,2";
				TEST_TARGET_NAME = RainCheck;
			};
			name = Debug;
		};
		C93428542D3B70220057F811 /* Release */ = {
			isa = XCBuildConfiguration;
			buildSettings = {
				CODE_SIGN_STYLE = Automatic;
				CURRENT_PROJECT_VERSION = 1;
				DEVELOPMENT_TEAM = 5BE9AG9X7E;
				GENERATE_INFOPLIST_FILE = YES;
				MARKETING_VERSION = 1.0;
				PRODUCT_BUNDLE_IDENTIFIER = com.matthew.RainCheckUITests;
				PRODUCT_NAME = "$(TARGET_NAME)";
				SWIFT_EMIT_LOC_STRINGS = NO;
				SWIFT_VERSION = 5.0;
				TARGETED_DEVICE_FAMILY = "1,2";
				TEST_TARGET_NAME = RainCheck;
			};
			name = Release;
		};
/* End XCBuildConfiguration section */

/* Begin XCConfigurationList section */
		C93428212D3B70200057F811 /* Build configuration list for PBXProject "RainCheck" */ = {
			isa = XCConfigurationList;
			buildConfigurations = (
				C934284A2D3B70220057F811 /* Debug */,
				C934284B2D3B70220057F811 /* Release */,
			);
			defaultConfigurationIsVisible = 0;
			defaultConfigurationName = Release;
		};
		C934284C2D3B70220057F811 /* Build configuration list for PBXNativeTarget "RainCheck" */ = {
			isa = XCConfigurationList;
			buildConfigurations = (
				C934284D2D3B70220057F811 /* Debug */,
				C934284E2D3B70220057F811 /* Release */,
			);
			defaultConfigurationIsVisible = 0;
			defaultConfigurationName = Release;
		};
		C934284F2D3B70220057F811 /* Build configuration list for PBXNativeTarget "RainCheckTests" */ = {
			isa = XCConfigurationList;
			buildConfigurations = (
				C93428502D3B70220057F811 /* Debug */,
				C93428512D3B70220057F811 /* Release */,
			);
			defaultConfigurationIsVisible = 0;
			defaultConfigurationName = Release;
		};
		C93428522D3B70220057F811 /* Build configuration list for PBXNativeTarget "RainCheckUITests" */ = {
			isa = XCConfigurationList;
			buildConfigurations = (
				C93428532D3B70220057F811 /* Debug */,
				C93428542D3B70220057F811 /* Release */,
			);
			defaultConfigurationIsVisible = 0;
			defaultConfigurationName = Release;
		};
/* End XCConfigurationList section */
	};
	rootObject = C934281E2D3B70200057F811 /* Project object */;
}
